
Microsoft Visual Studio Solution File, Format Version 12.00
# Visual Studio Version 16
VisualStudioVersion = 16.0.29806.167
MinimumVisualStudioVersion = 10.0.40219.1
Project("{8BC9CEB8-8B4A-11D0-8D11-00A0C91BC942}") = "Demo", "Demo\Demo.vcxproj", "{698348ED-B2A7-4080-B6A8-002AE2759EBC}"
EndProject
Global
	GlobalSection(SolutionConfigurationPlatforms) = preSolution
		Debug|x64 = Debug|x64
		Debug|x86 = Debug|x86
		Release|x64 = Release|x64
		Release|x86 = Release|x86
	EndGlobalSection
	GlobalSection(ProjectConfigurationPlatforms) = postSolution
		{698348ED-B2A7-4080-B6A8-002AE2759EBC}.Debug|x64.ActiveCfg = Debug|x64
		{698348ED-B2A7-4080-B6A8-002AE2759EBC}.Debug|x64.Build.0 = Debug|x64
		{698348ED-B2A7-4080-B6A8-002AE2759EBC}.Debug|x86.ActiveCfg = Debug|Win32
		{698348ED-B2A7-4080-B6A8-002AE2759EBC}.Debug|x86.Build.0 = Debug|Win32
		{698348ED-B2A7-4080-B6A8-002AE2759EBC}.Release|x64.ActiveCfg = Release|x64
		{698348ED-B2A7-4080-B6A8-002AE2759EBC}.Release|x64.Build.0 = Release|x64
		{698348ED-B2A7-4080-B6A8-002AE2759EBC}.Release|x86.ActiveCfg = Release|Win32
		{698348ED-B2A7-4080-B6A8-002AE2759EBC}.Release|x86.Build.0 = Release|Win32
	EndGlobalSection
	GlobalSection(SolutionProperties) = preSolution
		HideSolutionNode = FALSE
	EndGlobalSection
	GlobalSection(ExtensibilityGlobals) = postSolution
		SolutionGuid = {310676EF-25E2-4107-9E54-6084DEA7FFF1}
	EndGlobalSection
EndGlobal
